
Microsoft Visual Studio Solution File, Format Version 12.00
# Visual Studio 2012
Project("{FAE04EC0-301F-11D3-BF4B-00C04F79EFBC}") = "Rappelz 0xZ Patch", "Revolution Tool V1.0\Rappelz 0xZ Patch.csproj", "{A3185874-FE7F-47F5-B897-675E07452186}"
EndProject
Global
	GlobalSection(SolutionConfigurationPlatforms) = preSolution
		Debug|Any CPU = Debug|Any CPU
		Release|Any CPU = Release|Any CPU
	EndGlobalSection
	GlobalSection(ProjectConfigurationPlatforms) = postSolution
		{A3185874-FE7F-47F5-B897-675E07452186}.Debug|Any CPU.ActiveCfg = Debug|Any CPU
		{A3185874-FE7F-47F5-B897-675E07452186}.Debug|Any CPU.Build.0 = Debug|Any CPU
		{A3185874-FE7F-47F5-B897-675E07452186}.Release|Any CPU.ActiveCfg = Release|Any CPU
		{A3185874-FE7F-47F5-B897-675E07452186}.Release|Any CPU.Build.0 = Release|Any CPU
	EndGlobalSection
	GlobalSection(SolutionProperties) = preSolution
		HideSolutionNode = FALSE
	EndGlobalSection
EndGlobal
